
Microsoft Visual Studio Solution File, Format Version 12.00
Project("{FAE04EC0-301F-11D3-BF4B-00C04F79EFBC}") = "Ex001", "Ex001\Ex001.csproj", "{1616D7C1-FC8D-4C82-8379-018B44AF722E}"
EndProject
Project("{FAE04EC0-301F-11D3-BF4B-00C04F79EFBC}") = "Ex002", "Ex002\Ex002.csproj", "{B6E30C72-D921-4CC7-AF28-28DCBA948056}"
EndProject
Project("{FAE04EC0-301F-11D3-BF4B-00C04F79EFBC}") = "Ex003", "Ex003\Ex003.csproj", "{43682F13-66F9-47C2-8160-E255EC56CFB6}"
EndProject
Project("{FAE04EC0-301F-11D3-BF4B-00C04F79EFBC}") = "Ex004", "Ex004\Ex004.csproj", "{3CA94664-19CD-42AF-A86F-722195789002}"
EndProject
Project("{FAE04EC0-301F-11D3-BF4B-00C04F79EFBC}") = "Ex005", "Ex005\Ex005.csproj", "{3F0DE563-FD0F-4CDC-A08D-DBF099B2A5CA}"
EndProject
Project("{FAE04EC0-301F-11D3-BF4B-00C04F79EFBC}") = "Ex006", "Ex006\Ex006.csproj", "{90349527-B1B5-427D-924C-6E6A030D7F4E}"
EndProject
Project("{FAE04EC0-301F-11D3-BF4B-00C04F79EFBC}") = "Ex007", "Ex007\Ex007.csproj", "{5256560F-5C07-467A-B733-666A86EC10AB}"
EndProject
Project("{FAE04EC0-301F-11D3-BF4B-00C04F79EFBC}") = "Ex008", "Ex008\Ex008.csproj", "{F56226A3-A117-4A61-9D42-873CD46C3125}"
EndProject
Project("{FAE04EC0-301F-11D3-BF4B-00C04F79EFBC}") = "Ex009", "Ex009\Ex009.csproj", "{DC5907FF-93E6-490D-B6C9-15245AE36285}"
EndProject
Project("{FAE04EC0-301F-11D3-BF4B-00C04F79EFBC}") = "Ex010", "Ex010\Ex010.csproj", "{EE933F8D-9CFC-4D11-896D-C00EE40F441B}"
EndProject
Project("{FAE04EC0-301F-11D3-BF4B-00C04F79EFBC}") = "Ex011", "Ex011\Ex011.csproj", "{D0FA8A1B-EAB8-41A4-9785-C256C8AA1310}"
EndProject
Project("{FAE04EC0-301F-11D3-BF4B-00C04F79EFBC}") = "Ex012", "Ex012\Ex012.csproj", "{856AAC5F-0F8B-468E-B9C4-92232C74814C}"
EndProject
Project("{FAE04EC0-301F-11D3-BF4B-00C04F79EFBC}") = "Ex013", "Ex013\Ex013.csproj", "{B8728C1E-95AC-4A3F-8CEA-F771905B646D}"
EndProject
Project("{FAE04EC0-301F-11D3-BF4B-00C04F79EFBC}") = "Ex014", "Ex014\Ex014.csproj", "{387E4A80-F060-4845-A2BB-7F046088D28F}"
EndProject
Project("{FAE04EC0-301F-11D3-BF4B-00C04F79EFBC}") = "Ex015", "Ex015\Ex015.csproj", "{7C8FF17E-E8EC-4690-A9C1-6BCA6ED24DD8}"
EndProject
Project("{FAE04EC0-301F-11D3-BF4B-00C04F79EFBC}") = "Ex016", "Ex016\Ex016.csproj", "{37F76B37-365D-4C52-9EEF-31123FE897FD}"
EndProject
Project("{FAE04EC0-301F-11D3-BF4B-00C04F79EFBC}") = "Ex017", "Ex017\Ex017.csproj", "{DF221FFA-3FF7-4EC3-B954-B3BE17F597FB}"
EndProject
Project("{FAE04EC0-301F-11D3-BF4B-00C04F79EFBC}") = "Ex018", "Ex018\Ex018.csproj", "{8BF805D7-FEF0-4D61-93E1-60F0ED32C294}"
EndProject
Project("{FAE04EC0-301F-11D3-BF4B-00C04F79EFBC}") = "Ex019", "Ex019\Ex019.csproj", "{A2419F69-B2F4-4FB1-A344-68E463143C4C}"
EndProject
Project("{FAE04EC0-301F-11D3-BF4B-00C04F79EFBC}") = "Ex020", "Ex020\Ex020.csproj", "{53E0C62F-0E21-4C2E-8A40-938AF4175A7A}"
EndProject
Project("{FAE04EC0-301F-11D3-BF4B-00C04F79EFBC}") = "Ex021", "Ex021\Ex021.csproj", "{70250F35-5DD4-4DD9-8396-D69AD4E2895E}"
EndProject
Project("{FAE04EC0-301F-11D3-BF4B-00C04F79EFBC}") = "Ex022", "Ex022\Ex022.csproj", "{34439771-DE6A-49AB-BAEC-3FC13911B727}"
EndProject
Project("{FAE04EC0-301F-11D3-BF4B-00C04F79EFBC}") = "Ex023", "Ex023\Ex023.csproj", "{57F2F8A0-6C53-44F9-9271-511351D26ABD}"
EndProject
Project("{FAE04EC0-301F-11D3-BF4B-00C04F79EFBC}") = "Ex024", "Ex024\Ex024.csproj", "{CDA5213A-6674-405F-B95B-F337FA703F7B}"
EndProject
Project("{FAE04EC0-301F-11D3-BF4B-00C04F79EFBC}") = "Ex025", "Ex025\Ex025.csproj", "{7702971A-5CC9-460F-8D7E-8EE023B26F53}"
EndProject
Project("{FAE04EC0-301F-11D3-BF4B-00C04F79EFBC}") = "Ex026", "Ex026\Ex026.csproj", "{C6E6C4EC-F258-4779-834E-EFF98EA50295}"
EndProject
Project("{FAE04EC0-301F-11D3-BF4B-00C04F79EFBC}") = "Ex027", "Ex027\Ex027.csproj", "{1BC128A3-F172-4B91-A869-60A4385BBCA6}"
EndProject
Project("{FAE04EC0-301F-11D3-BF4B-00C04F79EFBC}") = "Ex028", "Ex028\Ex028.csproj", "{9DEB203B-B0C8-4955-BBE8-0EBAD64CED0C}"
EndProject
Project("{FAE04EC0-301F-11D3-BF4B-00C04F79EFBC}") = "Ex029", "Ex029\Ex029.csproj", "{566D3838-53AA-484A-B7F4-A212E371365A}"
EndProject
Project("{FAE04EC0-301F-11D3-BF4B-00C04F79EFBC}") = "Ex030", "Ex030\Ex030.csproj", "{67B2539F-745B-46BA-B436-2AF56081307C}"
EndProject
Project("{FAE04EC0-301F-11D3-BF4B-00C04F79EFBC}") = "Ex031", "Ex031\Ex031.csproj", "{2FE37665-7E25-4623-85A5-C16BF99A700C}"
EndProject
Project("{FAE04EC0-301F-11D3-BF4B-00C04F79EFBC}") = "Ex032", "Ex032\Ex032.csproj", "{EC2A9499-586E-4A96-BF98-EFA5E6528C91}"
EndProject
Project("{FAE04EC0-301F-11D3-BF4B-00C04F79EFBC}") = "Ex033", "Ex033\Ex033.csproj", "{5AAF02ED-4563-425E-9ECD-3A132A1E7769}"
EndProject
Global
	GlobalSection(SolutionConfigurationPlatforms) = preSolution
		Debug|Any CPU = Debug|Any CPU
		Release|Any CPU = Release|Any CPU
	EndGlobalSection
	GlobalSection(ProjectConfigurationPlatforms) = postSolution
		{1616D7C1-FC8D-4C82-8379-018B44AF722E}.Debug|Any CPU.ActiveCfg = Debug|Any CPU
		{1616D7C1-FC8D-4C82-8379-018B44AF722E}.Debug|Any CPU.Build.0 = Debug|Any CPU
		{1616D7C1-FC8D-4C82-8379-018B44AF722E}.Release|Any CPU.ActiveCfg = Release|Any CPU
		{1616D7C1-FC8D-4C82-8379-018B44AF722E}.Release|Any CPU.Build.0 = Release|Any CPU
		{B6E30C72-D921-4CC7-AF28-28DCBA948056}.Debug|Any CPU.ActiveCfg = Debug|Any CPU
		{B6E30C72-D921-4CC7-AF28-28DCBA948056}.Debug|Any CPU.Build.0 = Debug|Any CPU
		{B6E30C72-D921-4CC7-AF28-28DCBA948056}.Release|Any CPU.ActiveCfg = Release|Any CPU
		{B6E30C72-D921-4CC7-AF28-28DCBA948056}.Release|Any CPU.Build.0 = Release|Any CPU
		{43682F13-66F9-47C2-8160-E255EC56CFB6}.Debug|Any CPU.ActiveCfg = Debug|Any CPU
		{43682F13-66F9-47C2-8160-E255EC56CFB6}.Debug|Any CPU.Build.0 = Debug|Any CPU
		{43682F13-66F9-47C2-8160-E255EC56CFB6}.Release|Any CPU.ActiveCfg = Release|Any CPU
		{43682F13-66F9-47C2-8160-E255EC56CFB6}.Release|Any CPU.Build.0 = Release|Any CPU
		{3CA94664-19CD-42AF-A86F-722195789002}.Debug|Any CPU.ActiveCfg = Debug|Any CPU
		{3CA94664-19CD-42AF-A86F-722195789002}.Debug|Any CPU.Build.0 = Debug|Any CPU
		{3CA94664-19CD-42AF-A86F-722195789002}.Release|Any CPU.ActiveCfg = Release|Any CPU
		{3CA94664-19CD-42AF-A86F-722195789002}.Release|Any CPU.Build.0 = Release|Any CPU
		{3F0DE563-FD0F-4CDC-A08D-DBF099B2A5CA}.Debug|Any CPU.ActiveCfg = Debug|Any CPU
		{3F0DE563-FD0F-4CDC-A08D-DBF099B2A5CA}.Debug|Any CPU.Build.0 = Debug|Any CPU
		{3F0DE563-FD0F-4CDC-A08D-DBF099B2A5CA}.Release|Any CPU.ActiveCfg = Release|Any CPU
		{3F0DE563-FD0F-4CDC-A08D-DBF099B2A5CA}.Release|Any CPU.Build.0 = Release|Any CPU
		{90349527-B1B5-427D-924C-6E6A030D7F4E}.Debug|Any CPU.ActiveCfg = Debug|Any CPU
		{90349527-B1B5-427D-924C-6E6A030D7F4E}.Debug|Any CPU.Build.0 = Debug|Any CPU
		{90349527-B1B5-427D-924C-6E6A030D7F4E}.Release|Any CPU.ActiveCfg = Release|Any CPU
		{90349527-B1B5-427D-924C-6E6A030D7F4E}.Release|Any CPU.Build.0 = Release|Any CPU
		{5256560F-5C07-467A-B733-666A86EC10AB}.Debug|Any CPU.ActiveCfg = Debug|Any CPU
		{5256560F-5C07-467A-B733-666A86EC10AB}.Debug|Any CPU.Build.0 = Debug|Any CPU
		{5256560F-5C07-467A-B733-666A86EC10AB}.Release|Any CPU.ActiveCfg = Release|Any CPU
		{5256560F-5C07-467A-B733-666A86EC10AB}.Release|Any CPU.Build.0 = Release|Any CPU
		{F56226A3-A117-4A61-9D42-873CD46C3125}.Debug|Any CPU.ActiveCfg = Debug|Any CPU
		{F56226A3-A117-4A61-9D42-873CD46C3125}.Debug|Any CPU.Build.0 = Debug|Any CPU
		{F56226A3-A117-4A61-9D42-873CD46C3125}.Release|Any CPU.ActiveCfg = Release|Any CPU
		{F56226A3-A117-4A61-9D42-873CD46C3125}.Release|Any CPU.Build.0 = Release|Any CPU
		{DC5907FF-93E6-490D-B6C9-15245AE36285}.Debug|Any CPU.ActiveCfg = Debug|Any CPU
		{DC5907FF-93E6-490D-B6C9-15245AE36285}.Debug|Any CPU.Build.0 = Debug|Any CPU
		{DC5907FF-93E6-490D-B6C9-15245AE36285}.Release|Any CPU.ActiveCfg = Release|Any CPU
		{DC5907FF-93E6-490D-B6C9-15245AE36285}.Release|Any CPU.Build.0 = Release|Any CPU
		{EE933F8D-9CFC-4D11-896D-C00EE40F441B}.Debug|Any CPU.ActiveCfg = Debug|Any CPU
		{EE933F8D-9CFC-4D11-896D-C00EE40F441B}.Debug|Any CPU.Build.0 = Debug|Any CPU
		{EE933F8D-9CFC-4D11-896D-C00EE40F441B}.Release|Any CPU.ActiveCfg = Release|Any CPU
		{EE933F8D-9CFC-4D11-896D-C00EE40F441B}.Release|Any CPU.Build.0 = Release|Any CPU
		{D0FA8A1B-EAB8-41A4-9785-C256C8AA1310}.Debug|Any CPU.ActiveCfg = Debug|Any CPU
		{D0FA8A1B-EAB8-41A4-9785-C256C8AA1310}.Debug|Any CPU.Build.0 = Debug|Any CPU
		{D0FA8A1B-EAB8-41A4-9785-C256C8AA1310}.Release|Any CPU.ActiveCfg = Release|Any CPU
		{D0FA8A1B-EAB8-41A4-9785-C256C8AA1310}.Release|Any CPU.Build.0 = Release|Any CPU
		{856AAC5F-0F8B-468E-B9C4-92232C74814C}.Debug|Any CPU.ActiveCfg = Debug|Any CPU
		{856AAC5F-0F8B-468E-B9C4-92232C74814C}.Debug|Any CPU.Build.0 = Debug|Any CPU
		{856AAC5F-0F8B-468E-B9C4-92232C74814C}.Release|Any CPU.ActiveCfg = Release|Any CPU
		{856AAC5F-0F8B-468E-B9C4-92232C74814C}.Release|Any CPU.Build.0 = Release|Any CPU
		{B8728C1E-95AC-4A3F-8CEA-F771905B646D}.Debug|Any CPU.ActiveCfg = Debug|Any CPU
		{B8728C1E-95AC-4A3F-8CEA-F771905B646D}.Debug|Any CPU.Build.0 = Debug|Any CPU
		{B8728C1E-95AC-4A3F-8CEA-F771905B646D}.Release|Any CPU.ActiveCfg = Release|Any CPU
		{B8728C1E-95AC-4A3F-8CEA-F771905B646D}.Release|Any CPU.Build.0 = Release|Any CPU
		{387E4A80-F060-4845-A2BB-7F046088D28F}.Debug|Any CPU.ActiveCfg = Debug|Any CPU
		{387E4A80-F060-4845-A2BB-7F046088D28F}.Debug|Any CPU.Build.0 = Debug|Any CPU
		{387E4A80-F060-4845-A2BB-7F046088D28F}.Release|Any CPU.ActiveCfg = Release|Any CPU
		{387E4A80-F060-4845-A2BB-7F046088D28F}.Release|Any CPU.Build.0 = Release|Any CPU
		{7C8FF17E-E8EC-4690-A9C1-6BCA6ED24DD8}.Debug|Any CPU.ActiveCfg = Debug|Any CPU
		{7C8FF17E-E8EC-4690-A9C1-6BCA6ED24DD8}.Debug|Any CPU.Build.0 = Debug|Any CPU
		{7C8FF17E-E8EC-4690-A9C1-6BCA6ED24DD8}.Release|Any CPU.ActiveCfg = Release|Any CPU
		{7C8FF17E-E8EC-4690-A9C1-6BCA6ED24DD8}.Release|Any CPU.Build.0 = Release|Any CPU
		{37F76B37-365D-4C52-9EEF-31123FE897FD}.Debug|Any CPU.ActiveCfg = Debug|Any CPU
		{37F76B37-365D-4C52-9EEF-31123FE897FD}.Debug|Any CPU.Build.0 = Debug|Any CPU
		{37F76B37-365D-4C52-9EEF-31123FE897FD}.Release|Any CPU.ActiveCfg = Release|Any CPU
		{37F76B37-365D-4C52-9EEF-31123FE897FD}.Release|Any CPU.Build.0 = Release|Any CPU
		{DF221FFA-3FF7-4EC3-B954-B3BE17F597FB}.Debug|Any CPU.ActiveCfg = Debug|Any CPU
		{DF221FFA-3FF7-4EC3-B954-B3BE17F597FB}.Debug|Any CPU.Build.0 = Debug|Any CPU
		{DF221FFA-3FF7-4EC3-B954-B3BE17F597FB}.Release|Any CPU.ActiveCfg = Release|Any CPU
		{DF221FFA-3FF7-4EC3-B954-B3BE17F597FB}.Release|Any CPU.Build.0 = Release|Any CPU
		{8BF805D7-FEF0-4D61-93E1-60F0ED32C294}.Debug|Any CPU.ActiveCfg = Debug|Any CPU
		{8BF805D7-FEF0-4D61-93E1-60F0ED32C294}.Debug|Any CPU.Build.0 = Debug|Any CPU
		{8BF805D7-FEF0-4D61-93E1-60F0ED32C294}.Release|Any CPU.ActiveCfg = Release|Any CPU
		{8BF805D7-FEF0-4D61-93E1-60F0ED32C294}.Release|Any CPU.Build.0 = Release|Any CPU
		{A2419F69-B2F4-4FB1-A344-68E463143C4C}.Debug|Any CPU.ActiveCfg = Debug|Any CPU
		{A2419F69-B2F4-4FB1-A344-68E463143C4C}.Debug|Any CPU.Build.0 = Debug|Any CPU
		{A2419F69-B2F4-4FB1-A344-68E463143C4C}.Release|Any CPU.ActiveCfg = Release|Any CPU
		{A2419F69-B2F4-4FB1-A344-68E463143C4C}.Release|Any CPU.Build.0 = Release|Any CPU
		{53E0C62F-0E21-4C2E-8A40-938AF4175A7A}.Debug|Any CPU.ActiveCfg = Debug|Any CPU
		{53E0C62F-0E21-4C2E-8A40-938AF4175A7A}.Debug|Any CPU.Build.0 = Debug|Any CPU
		{53E0C62F-0E21-4C2E-8A40-938AF4175A7A}.Release|Any CPU.ActiveCfg = Release|Any CPU
		{53E0C62F-0E21-4C2E-8A40-938AF4175A7A}.Release|Any CPU.Build.0 = Release|Any CPU
		{70250F35-5DD4-4DD9-8396-D69AD4E2895E}.Debug|Any CPU.ActiveCfg = Debug|Any CPU
		{70250F35-5DD4-4DD9-8396-D69AD4E2895E}.Debug|Any CPU.Build.0 = Debug|Any CPU
		{70250F35-5DD4-4DD9-8396-D69AD4E2895E}.Release|Any CPU.ActiveCfg = Release|Any CPU
		{70250F35-5DD4-4DD9-8396-D69AD4E2895E}.Release|Any CPU.Build.0 = Release|Any CPU
		{34439771-DE6A-49AB-BAEC-3FC13911B727}.Debug|Any CPU.ActiveCfg = Debug|Any CPU
		{34439771-DE6A-49AB-BAEC-3FC13911B727}.Debug|Any CPU.Build.0 = Debug|Any CPU
		{34439771-DE6A-49AB-BAEC-3FC13911B727}.Release|Any CPU.ActiveCfg = Release|Any CPU
		{34439771-DE6A-49AB-BAEC-3FC13911B727}.Release|Any CPU.Build.0 = Release|Any CPU
		{57F2F8A0-6C53-44F9-9271-511351D26ABD}.Debug|Any CPU.ActiveCfg = Debug|Any CPU
		{57F2F8A0-6C53-44F9-9271-511351D26ABD}.Debug|Any CPU.Build.0 = Debug|Any CPU
		{57F2F8A0-6C53-44F9-9271-511351D26ABD}.Release|Any CPU.ActiveCfg = Release|Any CPU
		{57F2F8A0-6C53-44F9-9271-511351D26ABD}.Release|Any CPU.Build.0 = Release|Any CPU
		{CDA5213A-6674-405F-B95B-F337FA703F7B}.Debug|Any CPU.ActiveCfg = Debug|Any CPU
		{CDA5213A-6674-405F-B95B-F337FA703F7B}.Debug|Any CPU.Build.0 = Debug|Any CPU
		{CDA5213A-6674-405F-B95B-F337FA703F7B}.Release|Any CPU.ActiveCfg = Release|Any CPU
		{CDA5213A-6674-405F-B95B-F337FA703F7B}.Release|Any CPU.Build.0 = Release|Any CPU
		{7702971A-5CC9-460F-8D7E-8EE023B26F53}.Debug|Any CPU.ActiveCfg = Debug|Any CPU
		{7702971A-5CC9-460F-8D7E-8EE023B26F53}.Debug|Any CPU.Build.0 = Debug|Any CPU
		{7702971A-5CC9-460F-8D7E-8EE023B26F53}.Release|Any CPU.ActiveCfg = Release|Any CPU
		{7702971A-5CC9-460F-8D7E-8EE023B26F53}.Release|Any CPU.Build.0 = Release|Any CPU
		{C6E6C4EC-F258-4779-834E-EFF98EA50295}.Debug|Any CPU.ActiveCfg = Debug|Any CPU
		{C6E6C4EC-F258-4779-834E-EFF98EA50295}.Debug|Any CPU.Build.0 = Debug|Any CPU
		{C6E6C4EC-F258-4779-834E-EFF98EA50295}.Release|Any CPU.ActiveCfg = Release|Any CPU
		{C6E6C4EC-F258-4779-834E-EFF98EA50295}.Release|Any CPU.Build.0 = Release|Any CPU
		{1BC128A3-F172-4B91-A869-60A4385BBCA6}.Debug|Any CPU.ActiveCfg = Debug|Any CPU
		{1BC128A3-F172-4B91-A869-60A4385BBCA6}.Debug|Any CPU.Build.0 = Debug|Any CPU
		{1BC128A3-F172-4B91-A869-60A4385BBCA6}.Release|Any CPU.ActiveCfg = Release|Any CPU
		{1BC128A3-F172-4B91-A869-60A4385BBCA6}.Release|Any CPU.Build.0 = Release|Any CPU
		{9DEB203B-B0C8-4955-BBE8-0EBAD64CED0C}.Debug|Any CPU.ActiveCfg = Debug|Any CPU
		{9DEB203B-B0C8-4955-BBE8-0EBAD64CED0C}.Debug|Any CPU.Build.0 = Debug|Any CPU
		{9DEB203B-B0C8-4955-BBE8-0EBAD64CED0C}.Release|Any CPU.ActiveCfg = Release|Any CPU
		{9DEB203B-B0C8-4955-BBE8-0EBAD64CED0C}.Release|Any CPU.Build.0 = Release|Any CPU
		{566D3838-53AA-484A-B7F4-A212E371365A}.Debug|Any CPU.ActiveCfg = Debug|Any CPU
		{566D3838-53AA-484A-B7F4-A212E371365A}.Debug|Any CPU.Build.0 = Debug|Any CPU
		{566D3838-53AA-484A-B7F4-A212E371365A}.Release|Any CPU.ActiveCfg = Release|Any CPU
		{566D3838-53AA-484A-B7F4-A212E371365A}.Release|Any CPU.Build.0 = Release|Any CPU
		{67B2539F-745B-46BA-B436-2AF56081307C}.Debug|Any CPU.ActiveCfg = Debug|Any CPU
		{67B2539F-745B-46BA-B436-2AF56081307C}.Debug|Any CPU.Build.0 = Debug|Any CPU
		{67B2539F-745B-46BA-B436-2AF56081307C}.Release|Any CPU.ActiveCfg = Release|Any CPU
		{67B2539F-745B-46BA-B436-2AF56081307C}.Release|Any CPU.Build.0 = Release|Any CPU
		{2FE37665-7E25-4623-85A5-C16BF99A700C}.Debug|Any CPU.ActiveCfg = Debug|Any CPU
		{2FE37665-7E25-4623-85A5-C16BF99A700C}.Debug|Any CPU.Build.0 = Debug|Any CPU
		{2FE37665-7E25-4623-85A5-C16BF99A700C}.Release|Any CPU.ActiveCfg = Release|Any CPU
		{2FE37665-7E25-4623-85A5-C16BF99A700C}.Release|Any CPU.Build.0 = Release|Any CPU
		{EC2A9499-586E-4A96-BF98-EFA5E6528C91}.Debug|Any CPU.ActiveCfg = Debug|Any CPU
		{EC2A9499-586E-4A96-BF98-EFA5E6528C91}.Debug|Any CPU.Build.0 = Debug|Any CPU
		{EC2A9499-586E-4A96-BF98-EFA5E6528C91}.Release|Any CPU.ActiveCfg = Release|Any CPU
		{EC2A9499-586E-4A96-BF98-EFA5E6528C91}.Release|Any CPU.Build.0 = Release|Any CPU
		{5AAF02ED-4563-425E-9ECD-3A132A1E7769}.Debug|Any CPU.ActiveCfg = Debug|Any CPU
		{5AAF02ED-4563-425E-9ECD-3A132A1E7769}.Debug|Any CPU.Build.0 = Debug|Any CPU
		{5AAF02ED-4563-425E-9ECD-3A132A1E7769}.Release|Any CPU.ActiveCfg = Release|Any CPU
		{5AAF02ED-4563-425E-9ECD-3A132A1E7769}.Release|Any CPU.Build.0 = Release|Any CPU
	EndGlobalSection
EndGlobal
